# This file is autogenerated, do not edit; changes may be undone by the next 'dep ensure'.


[[projects]]
  name = "bitbucket.org/creachadair/stringset"
  packages = ["."]
  revision = "7c6678a70f6812a0abfb9d71d21d74ee24af01f9"
  version = "v0.0.8"

[[projects]]
  branch = "master"
  name = "github.com/akamensky/base58"
  packages = ["."]
  revision = "92b0f56f531ac8c9d3087f33a4bcd5bca9cd5fb7"

[[projects]]
  name = "github.com/boltdb/bolt"
  packages = ["."]
  revision = "2f1ce7a837dcb8da3ec595b1dac9d0632f0f99e8"
  version = "v1.3.1"

[[projects]]
  branch = "master"
  name = "github.com/btcsuite/fastsha256"
  packages = ["."]
  revision = "637e656429416087660c84436a2a035d69d54e2e"

[[projects]]
  branch = "master"
  name = "github.com/cevaris/ordered_map"
  packages = ["."]
  revision = "3adeae072e730f1919a936e13b4923706d3f60fe"

[[projects]]
  branch = "master"
  name = "github.com/coin-network/curve"
  packages = ["."]
  revision = "db76e7a38345557ce3256bb78c6efc49cb87a33a"

[[projects]]
  name = "github.com/creachadair/jrpc2"
  packages = [
    ".",
    "channel",
    "code",
    "handler",
    "metrics",
    "server"
  ]
  revision = "87dc03c18c7dd58f934eb2c2072d610c2e4f2c8d"
  version = "v0.4.4"

[[projects]]
  branch = "master"
  name = "github.com/cs8425/go-ecdh"
  packages = ["."]
  revision = "f1cb5c0e415f8979192bbe4fd85d063add32d899"

[[projects]]
  name = "github.com/fd/eccp"
  packages = ["."]
  revision = "2a13f4315491bf6ad64374f3b98a2cba67f3941a"
  version = "v1.0.0"

[[projects]]
  branch = "master"
  name = "github.com/mantyr/iterator"
  packages = ["."]
  revision = "c4cf40066bc4f89fb6811f1e7a8239d193c90c11"

[[projects]]
  name = "github.com/modern-go/concurrent"
  packages = ["."]
  revision = "bacd9c7ef1dd9b15be4a9909b8ac7a4e313eec94"
  version = "1.0.3"

[[projects]]
  name = "github.com/urfave/cli"
  packages = ["."]
  revision = "bfe2e925cfb6d44b40ad3a779165ea7e8aff9212"
  version = "v1.22.0"

[[projects]]
  branch = "master"
  name = "github.com/xiphon/ellipticbinary"
  packages = ["."]
  revision = "be7a5187429f7e561bb864375fdd8c231cf6765a"

[[projects]]
  branch = "master"
  name = "golang.org/x/crypto"
  packages = ["ripemd160"]
  revision = "34f69633bfdcf9db92f698f8487115767eebef81"

[[projects]]
  branch = "master"
  name = "golang.org/x/sync"
  packages = ["semaphore"]
  revision = "cd5d95a43a6e21273425c7ae415d3df9ea832eeb"

[[projects]]
  branch = "master"
  name = "golang.org/x/sys"
  packages = ["unix"]
  revision = "aed5e4c7ecf9f069775e08834fb724544628d38d"

[solve-meta]
  analyzer-name = "dep"
  analyzer-version = 1
  inputs-digest = "792f5b75cd4fff6335f2a8b36d45b1a95b40f7d0283aa665f2a48bcd95d6cca9"
  solver-name = "gps-cdcl"
  solver-version = 1
